
Microsoft Visual Studio Solution File, Format Version 12.00
# Visual Studio Version 17
VisualStudioVersion = 17.0.32014.148
MinimumVisualStudioVersion = 10.0.40219.1
Project("{9A19103F-16F7-4668-BE54-9A1E7A4F7556}") = "AOC2021_Day1", "AOC2021_Day1\AOC2021_Day1.csproj", "{A07121DB-A3B9-4D91-B482-A5BACEFB8504}"
EndProject
Project("{9A19103F-16F7-4668-BE54-9A1E7A4F7556}") = "AOC2021_Day2", "AOC_2\AOC2021_Day2.csproj", "{A6839C0E-164B-4005-B1CC-E9B8BD916199}"
EndProject
Project("{9A19103F-16F7-4668-BE54-9A1E7A4F7556}") = "AOC2021_Day3", "AOC2021_Day3\AOC2021_Day3.csproj", "{A1F8E05A-95AE-43CF-986B-A1175364B588}"
EndProject
Project("{9A19103F-16F7-4668-BE54-9A1E7A4F7556}") = "AOC2021_Day4", "AOC2021_Day4\AOC2021_Day4.csproj", "{B9AC151C-83A1-4331-AD85-358556842EC3}"
EndProject
Project("{9A19103F-16F7-4668-BE54-9A1E7A4F7556}") = "AOC2021_Day6", "AOC2021_Day6\AOC2021_Day6.csproj", "{93B12FCD-5632-4C30-ACEC-A5DA0F82C610}"
EndProject
Project("{9A19103F-16F7-4668-BE54-9A1E7A4F7556}") = "AOC2021_Day5", "AOC2021_Day5\AOC2021_Day5.csproj", "{7207DB66-758C-4248-BC1F-FA6B6B194AF3}"
EndProject
Project("{9A19103F-16F7-4668-BE54-9A1E7A4F7556}") = "AOC2021_Day7", "AOC2021_Day7\AOC2021_Day7.csproj", "{054E68F0-F420-4D2B-8100-4F27E9FA6C87}"
EndProject
Project("{9A19103F-16F7-4668-BE54-9A1E7A4F7556}") = "AOC2021_Day8", "AOC2021_Day8\AOC2021_Day8.csproj", "{0C2A5365-79B1-46EA-9B6B-E9E830D0E2CB}"
EndProject
Project("{9A19103F-16F7-4668-BE54-9A1E7A4F7556}") = "AOC2021_Day9", "AOC2021_Day9\AOC2021_Day9.csproj", "{CBD0897D-99A1-47F3-8C25-8CAC0CB7015B}"
EndProject
Project("{9A19103F-16F7-4668-BE54-9A1E7A4F7556}") = "AOC2021_Day10", "AOC2021_Day10\AOC2021_Day10.csproj", "{DB7D2B40-C1EC-4A6D-879C-E1A67D5BB858}"
EndProject
Project("{9A19103F-16F7-4668-BE54-9A1E7A4F7556}") = "AOC2021_Day11", "AOC2021_Day11\AOC2021_Day11.csproj", "{0BBFB1CC-47C4-4D7E-8ACC-808CC53704FC}"
EndProject
Project("{9A19103F-16F7-4668-BE54-9A1E7A4F7556}") = "AOC2021_Day13", "AOC2021_Day13\AOC2021_Day13.csproj", "{F281CD7C-A1C8-420E-8A39-9F0EF769D2B8}"
EndProject
Project("{9A19103F-16F7-4668-BE54-9A1E7A4F7556}") = "AOC2021_Day12", "AOC2021_Day12\AOC2021_Day12.csproj", "{0E3580F3-FFCE-41E3-B3AF-AB8136A47369}"
EndProject
Project("{9A19103F-16F7-4668-BE54-9A1E7A4F7556}") = "AOC2021_Day14", "AOC2021_Day14\AOC2021_Day14.csproj", "{34A7EE97-3043-4F6E-ABC2-AA47BAE85C5C}"
EndProject
Project("{9A19103F-16F7-4668-BE54-9A1E7A4F7556}") = "AOC2021_Day15", "AOC2020_Day15\AOC2021_Day15.csproj", "{0DFE7FC1-7B30-49B9-A1EA-F5355C872A29}"
EndProject
Project("{9A19103F-16F7-4668-BE54-9A1E7A4F7556}") = "AOC2021_Day16", "AOC2021_Day16\AOC2021_Day16.csproj", "{AEE69B33-9613-4CC9-BB5B-688A7C08D3F5}"
EndProject
Project("{9A19103F-16F7-4668-BE54-9A1E7A4F7556}") = "AOC2021_Day17", "AOC2021_Day17\AOC2021_Day17.csproj", "{3F07A963-8B67-434E-8031-7F1E5E387DEC}"
EndProject
Project("{9A19103F-16F7-4668-BE54-9A1E7A4F7556}") = "AOC2021_Day18", "AOC2021_Day18\AOC2021_Day18.csproj", "{FB472476-5889-435F-80C4-DDF6F90E6F47}"
EndProject
Project("{9A19103F-16F7-4668-BE54-9A1E7A4F7556}") = "AOC2021_Day19", "AOC2021_Day19\AOC2021_Day19.csproj", "{34692464-A534-4A75-8DDF-59CE96E1DA07}"
EndProject
Project("{FAE04EC0-301F-11D3-BF4B-00C04F79EFBC}") = "AOC2021_Day20", "AOC2021_Day20\AOC2021_Day20.csproj", "{4E027532-B8DF-44AA-B9BD-09AA27FA7527}"
EndProject
Project("{9A19103F-16F7-4668-BE54-9A1E7A4F7556}") = "AOC2021_Day21", "AOC2021_Day21\AOC2021_Day21.csproj", "{51371AA5-AA0C-4EB1-8AD5-1B319B9806BD}"
EndProject
Project("{FAE04EC0-301F-11D3-BF4B-00C04F79EFBC}") = "AOC2021_Day22", "AOC2021_Day22\AOC2021_Day22.csproj", "{86424033-9A12-45ED-A6CE-F19CEFDF71A3}"
EndProject
Global
	GlobalSection(SolutionConfigurationPlatforms) = preSolution
		Debug|Any CPU = Debug|Any CPU
		Release|Any CPU = Release|Any CPU
	EndGlobalSection
	GlobalSection(ProjectConfigurationPlatforms) = postSolution
		{A07121DB-A3B9-4D91-B482-A5BACEFB8504}.Debug|Any CPU.ActiveCfg = Debug|Any CPU
		{A07121DB-A3B9-4D91-B482-A5BACEFB8504}.Debug|Any CPU.Build.0 = Debug|Any CPU
		{A07121DB-A3B9-4D91-B482-A5BACEFB8504}.Release|Any CPU.ActiveCfg = Release|Any CPU
		{A07121DB-A3B9-4D91-B482-A5BACEFB8504}.Release|Any CPU.Build.0 = Release|Any CPU
		{A6839C0E-164B-4005-B1CC-E9B8BD916199}.Debug|Any CPU.ActiveCfg = Debug|Any CPU
		{A6839C0E-164B-4005-B1CC-E9B8BD916199}.Debug|Any CPU.Build.0 = Debug|Any CPU
		{A6839C0E-164B-4005-B1CC-E9B8BD916199}.Release|Any CPU.ActiveCfg = Release|Any CPU
		{A6839C0E-164B-4005-B1CC-E9B8BD916199}.Release|Any CPU.Build.0 = Release|Any CPU
		{A1F8E05A-95AE-43CF-986B-A1175364B588}.Debug|Any CPU.ActiveCfg = Debug|Any CPU
		{A1F8E05A-95AE-43CF-986B-A1175364B588}.Debug|Any CPU.Build.0 = Debug|Any CPU
		{A1F8E05A-95AE-43CF-986B-A1175364B588}.Release|Any CPU.ActiveCfg = Release|Any CPU
		{A1F8E05A-95AE-43CF-986B-A1175364B588}.Release|Any CPU.Build.0 = Release|Any CPU
		{B9AC151C-83A1-4331-AD85-358556842EC3}.Debug|Any CPU.ActiveCfg = Debug|Any CPU
		{B9AC151C-83A1-4331-AD85-358556842EC3}.Debug|Any CPU.Build.0 = Debug|Any CPU
		{B9AC151C-83A1-4331-AD85-358556842EC3}.Release|Any CPU.ActiveCfg = Release|Any CPU
		{B9AC151C-83A1-4331-AD85-358556842EC3}.Release|Any CPU.Build.0 = Release|Any CPU
		{93B12FCD-5632-4C30-ACEC-A5DA0F82C610}.Debug|Any CPU.ActiveCfg = Debug|Any CPU
		{93B12FCD-5632-4C30-ACEC-A5DA0F82C610}.Debug|Any CPU.Build.0 = Debug|Any CPU
		{93B12FCD-5632-4C30-ACEC-A5DA0F82C610}.Release|Any CPU.ActiveCfg = Release|Any CPU
		{93B12FCD-5632-4C30-ACEC-A5DA0F82C610}.Release|Any CPU.Build.0 = Release|Any CPU
		{7207DB66-758C-4248-BC1F-FA6B6B194AF3}.Debug|Any CPU.ActiveCfg = Debug|Any CPU
		{7207DB66-758C-4248-BC1F-FA6B6B194AF3}.Debug|Any CPU.Build.0 = Debug|Any CPU
		{7207DB66-758C-4248-BC1F-FA6B6B194AF3}.Release|Any CPU.ActiveCfg = Release|Any CPU
		{7207DB66-758C-4248-BC1F-FA6B6B194AF3}.Release|Any CPU.Build.0 = Release|Any CPU
		{054E68F0-F420-4D2B-8100-4F27E9FA6C87}.Debug|Any CPU.ActiveCfg = Debug|Any CPU
		{054E68F0-F420-4D2B-8100-4F27E9FA6C87}.Debug|Any CPU.Build.0 = Debug|Any CPU
		{054E68F0-F420-4D2B-8100-4F27E9FA6C87}.Release|Any CPU.ActiveCfg = Release|Any CPU
		{054E68F0-F420-4D2B-8100-4F27E9FA6C87}.Release|Any CPU.Build.0 = Release|Any CPU
		{0C2A5365-79B1-46EA-9B6B-E9E830D0E2CB}.Debug|Any CPU.ActiveCfg = Debug|Any CPU
		{0C2A5365-79B1-46EA-9B6B-E9E830D0E2CB}.Debug|Any CPU.Build.0 = Debug|Any CPU
		{0C2A5365-79B1-46EA-9B6B-E9E830D0E2CB}.Release|Any CPU.ActiveCfg = Release|Any CPU
		{0C2A5365-79B1-46EA-9B6B-E9E830D0E2CB}.Release|Any CPU.Build.0 = Release|Any CPU
		{CBD0897D-99A1-47F3-8C25-8CAC0CB7015B}.Debug|Any CPU.ActiveCfg = Debug|Any CPU
		{CBD0897D-99A1-47F3-8C25-8CAC0CB7015B}.Debug|Any CPU.Build.0 = Debug|Any CPU
		{CBD0897D-99A1-47F3-8C25-8CAC0CB7015B}.Release|Any CPU.ActiveCfg = Release|Any CPU
		{CBD0897D-99A1-47F3-8C25-8CAC0CB7015B}.Release|Any CPU.Build.0 = Release|Any CPU
		{DB7D2B40-C1EC-4A6D-879C-E1A67D5BB858}.Debug|Any CPU.ActiveCfg = Debug|Any CPU
		{DB7D2B40-C1EC-4A6D-879C-E1A67D5BB858}.Debug|Any CPU.Build.0 = Debug|Any CPU
		{DB7D2B40-C1EC-4A6D-879C-E1A67D5BB858}.Release|Any CPU.ActiveCfg = Release|Any CPU
		{DB7D2B40-C1EC-4A6D-879C-E1A67D5BB858}.Release|Any CPU.Build.0 = Release|Any CPU
		{0BBFB1CC-47C4-4D7E-8ACC-808CC53704FC}.Debug|Any CPU.ActiveCfg = Debug|Any CPU
		{0BBFB1CC-47C4-4D7E-8ACC-808CC53704FC}.Debug|Any CPU.Build.0 = Debug|Any CPU
		{0BBFB1CC-47C4-4D7E-8ACC-808CC53704FC}.Release|Any CPU.ActiveCfg = Release|Any CPU
		{0BBFB1CC-47C4-4D7E-8ACC-808CC53704FC}.Release|Any CPU.Build.0 = Release|Any CPU
		{F281CD7C-A1C8-420E-8A39-9F0EF769D2B8}.Debug|Any CPU.ActiveCfg = Debug|Any CPU
		{F281CD7C-A1C8-420E-8A39-9F0EF769D2B8}.Debug|Any CPU.Build.0 = Debug|Any CPU
		{F281CD7C-A1C8-420E-8A39-9F0EF769D2B8}.Release|Any CPU.ActiveCfg = Release|Any CPU
		{F281CD7C-A1C8-420E-8A39-9F0EF769D2B8}.Release|Any CPU.Build.0 = Release|Any CPU
		{0E3580F3-FFCE-41E3-B3AF-AB8136A47369}.Debug|Any CPU.ActiveCfg = Debug|Any CPU
		{0E3580F3-FFCE-41E3-B3AF-AB8136A47369}.Debug|Any CPU.Build.0 = Debug|Any CPU
		{0E3580F3-FFCE-41E3-B3AF-AB8136A47369}.Release|Any CPU.ActiveCfg = Release|Any CPU
		{0E3580F3-FFCE-41E3-B3AF-AB8136A47369}.Release|Any CPU.Build.0 = Release|Any CPU
		{34A7EE97-3043-4F6E-ABC2-AA47BAE85C5C}.Debug|Any CPU.ActiveCfg = Debug|Any CPU
		{34A7EE97-3043-4F6E-ABC2-AA47BAE85C5C}.Debug|Any CPU.Build.0 = Debug|Any CPU
		{34A7EE97-3043-4F6E-ABC2-AA47BAE85C5C}.Release|Any CPU.ActiveCfg = Release|Any CPU
		{34A7EE97-3043-4F6E-ABC2-AA47BAE85C5C}.Release|Any CPU.Build.0 = Release|Any CPU
		{0DFE7FC1-7B30-49B9-A1EA-F5355C872A29}.Debug|Any CPU.ActiveCfg = Debug|Any CPU
		{0DFE7FC1-7B30-49B9-A1EA-F5355C872A29}.Debug|Any CPU.Build.0 = Debug|Any CPU
		{0DFE7FC1-7B30-49B9-A1EA-F5355C872A29}.Release|Any CPU.ActiveCfg = Release|Any CPU
		{0DFE7FC1-7B30-49B9-A1EA-F5355C872A29}.Release|Any CPU.Build.0 = Release|Any CPU
		{AEE69B33-9613-4CC9-BB5B-688A7C08D3F5}.Debug|Any CPU.ActiveCfg = Debug|Any CPU
		{AEE69B33-9613-4CC9-BB5B-688A7C08D3F5}.Debug|Any CPU.Build.0 = Debug|Any CPU
		{AEE69B33-9613-4CC9-BB5B-688A7C08D3F5}.Release|Any CPU.ActiveCfg = Release|Any CPU
		{AEE69B33-9613-4CC9-BB5B-688A7C08D3F5}.Release|Any CPU.Build.0 = Release|Any CPU
		{3F07A963-8B67-434E-8031-7F1E5E387DEC}.Debug|Any CPU.ActiveCfg = Debug|Any CPU
		{3F07A963-8B67-434E-8031-7F1E5E387DEC}.Debug|Any CPU.Build.0 = Debug|Any CPU
		{3F07A963-8B67-434E-8031-7F1E5E387DEC}.Release|Any CPU.ActiveCfg = Release|Any CPU
		{3F07A963-8B67-434E-8031-7F1E5E387DEC}.Release|Any CPU.Build.0 = Release|Any CPU
		{FB472476-5889-435F-80C4-DDF6F90E6F47}.Debug|Any CPU.ActiveCfg = Debug|Any CPU
		{FB472476-5889-435F-80C4-DDF6F90E6F47}.Debug|Any CPU.Build.0 = Debug|Any CPU
		{FB472476-5889-435F-80C4-DDF6F90E6F47}.Release|Any CPU.ActiveCfg = Release|Any CPU
		{FB472476-5889-435F-80C4-DDF6F90E6F47}.Release|Any CPU.Build.0 = Release|Any CPU
		{34692464-A534-4A75-8DDF-59CE96E1DA07}.Debug|Any CPU.ActiveCfg = Debug|Any CPU
		{34692464-A534-4A75-8DDF-59CE96E1DA07}.Debug|Any CPU.Build.0 = Debug|Any CPU
		{34692464-A534-4A75-8DDF-59CE96E1DA07}.Release|Any CPU.ActiveCfg = Release|Any CPU
		{34692464-A534-4A75-8DDF-59CE96E1DA07}.Release|Any CPU.Build.0 = Release|Any CPU
		{4E027532-B8DF-44AA-B9BD-09AA27FA7527}.Debug|Any CPU.ActiveCfg = Debug|Any CPU
		{4E027532-B8DF-44AA-B9BD-09AA27FA7527}.Debug|Any CPU.Build.0 = Debug|Any CPU
		{4E027532-B8DF-44AA-B9BD-09AA27FA7527}.Release|Any CPU.ActiveCfg = Release|Any CPU
		{4E027532-B8DF-44AA-B9BD-09AA27FA7527}.Release|Any CPU.Build.0 = Release|Any CPU
		{51371AA5-AA0C-4EB1-8AD5-1B319B9806BD}.Debug|Any CPU.ActiveCfg = Debug|Any CPU
		{51371AA5-AA0C-4EB1-8AD5-1B319B9806BD}.Debug|Any CPU.Build.0 = Debug|Any CPU
		{51371AA5-AA0C-4EB1-8AD5-1B319B9806BD}.Release|Any CPU.ActiveCfg = Release|Any CPU
		{51371AA5-AA0C-4EB1-8AD5-1B319B9806BD}.Release|Any CPU.Build.0 = Release|Any CPU
		{86424033-9A12-45ED-A6CE-F19CEFDF71A3}.Debug|Any CPU.ActiveCfg = Debug|Any CPU
		{86424033-9A12-45ED-A6CE-F19CEFDF71A3}.Debug|Any CPU.Build.0 = Debug|Any CPU
		{86424033-9A12-45ED-A6CE-F19CEFDF71A3}.Release|Any CPU.ActiveCfg = Release|Any CPU
		{86424033-9A12-45ED-A6CE-F19CEFDF71A3}.Release|Any CPU.Build.0 = Release|Any CPU
	EndGlobalSection
	GlobalSection(SolutionProperties) = preSolution
		HideSolutionNode = FALSE
	EndGlobalSection
	GlobalSection(ExtensibilityGlobals) = postSolution
		SolutionGuid = {537BB6B3-8E4C-4E63-8561-84293AA6A19F}
	EndGlobalSection
EndGlobal
